# This file is automatically @generated by Cargo.
# It is not intended for manual editing.
version = 3

[[package]]
name = "capitalize"
version = "0.3.4"
source = "registry+https://github.com/rust-lang/crates.io-index"
checksum = "6b5271031022835ee8c7582fe67403bd6cb3d962095787af7921027234bab5bf"

[[package]]
name = "text_io"
version = "0.1.12"
source = "registry+https://github.com/rust-lang/crates.io-index"
checksum = "d5f0c8eb2ad70c12a6a69508f499b3051c924f4b1cfeae85bfad96e6bc5bba46"

[[package]]
name = "xd"
version = "0.1.0"
dependencies = [
 "capitalize",
 "text_io",
]
